
Microsoft Visual Studio Solution File, Format Version 12.00
# Visual Studio Version 17
VisualStudioVersion = 17.14.36310.24 d17.14
MinimumVisualStudioVersion = 10.0.40219.1
Project("{8BC9CEB8-8B4A-11D0-8D11-00A0C91BC942}") = "get_days_of_month", "get_days_of_month\get_days_of_month.vcxproj", "{21A6843B-1293-4835-868B-A1E672590F57}"
EndProject
Global
	GlobalSection(SolutionConfigurationPlatforms) = preSolution
		Debug|x64 = Debug|x64
		Debug|x86 = Debug|x86
		Release|x64 = Release|x64
		Release|x86 = Release|x86
	EndGlobalSection
	GlobalSection(ProjectConfigurationPlatforms) = postSolution
		{21A6843B-1293-4835-868B-A1E672590F57}.Debug|x64.ActiveCfg = Debug|x64
		{21A6843B-1293-4835-868B-A1E672590F57}.Debug|x64.Build.0 = Debug|x64
		{21A6843B-1293-4835-868B-A1E672590F57}.Debug|x86.ActiveCfg = Debug|Win32
		{21A6843B-1293-4835-868B-A1E672590F57}.Debug|x86.Build.0 = Debug|Win32
		{21A6843B-1293-4835-868B-A1E672590F57}.Release|x64.ActiveCfg = Release|x64
		{21A6843B-1293-4835-868B-A1E672590F57}.Release|x64.Build.0 = Release|x64
		{21A6843B-1293-4835-868B-A1E672590F57}.Release|x86.ActiveCfg = Release|Win32
		{21A6843B-1293-4835-868B-A1E672590F57}.Release|x86.Build.0 = Release|Win32
	EndGlobalSection
	GlobalSection(SolutionProperties) = preSolution
		HideSolutionNode = FALSE
	EndGlobalSection
	GlobalSection(ExtensibilityGlobals) = postSolution
		SolutionGuid = {230F57B9-F12B-4076-B319-5CBA4CA503F5}
	EndGlobalSection
EndGlobal
