
Microsoft Visual Studio Solution File, Format Version 12.00
# Visual Studio 2013
VisualStudioVersion = 12.0.21005.1
MinimumVisualStudioVersion = 10.0.40219.1
Project("{8BC9CEB8-8B4A-11D0-8D11-00A0C91BC942}") = "test-2023-7-24", "test-2023-7-24\test-2023-7-24.vcxproj", "{32D0CC6D-1D54-4125-8D64-C37668AB27ED}"
EndProject
Global
	GlobalSection(SolutionConfigurationPlatforms) = preSolution
		Debug|Win32 = Debug|Win32
		Release|Win32 = Release|Win32
	EndGlobalSection
	GlobalSection(ProjectConfigurationPlatforms) = postSolution
		{32D0CC6D-1D54-4125-8D64-C37668AB27ED}.Debug|Win32.ActiveCfg = Debug|Win32
		{32D0CC6D-1D54-4125-8D64-C37668AB27ED}.Debug|Win32.Build.0 = Debug|Win32
		{32D0CC6D-1D54-4125-8D64-C37668AB27ED}.Release|Win32.ActiveCfg = Release|Win32
		{32D0CC6D-1D54-4125-8D64-C37668AB27ED}.Release|Win32.Build.0 = Release|Win32
	EndGlobalSection
	GlobalSection(SolutionProperties) = preSolution
		HideSolutionNode = FALSE
	EndGlobalSection
EndGlobal
