
Microsoft Visual Studio Solution File, Format Version 12.00
# Visual Studio 2013
VisualStudioVersion = 12.0.21005.1
MinimumVisualStudioVersion = 10.0.40219.1
Project("{8BC9CEB8-8B4A-11D0-8D11-00A0C91BC942}") = "test-2023-7-20", "test-2023-7-20\test-2023-7-20.vcxproj", "{DAA4ECBD-1107-454B-930A-DECA9A5F8ACB}"
EndProject
Global
	GlobalSection(SolutionConfigurationPlatforms) = preSolution
		Debug|Win32 = Debug|Win32
		Release|Win32 = Release|Win32
	EndGlobalSection
	GlobalSection(ProjectConfigurationPlatforms) = postSolution
		{DAA4ECBD-1107-454B-930A-DECA9A5F8ACB}.Debug|Win32.ActiveCfg = Debug|Win32
		{DAA4ECBD-1107-454B-930A-DECA9A5F8ACB}.Debug|Win32.Build.0 = Debug|Win32
		{DAA4ECBD-1107-454B-930A-DECA9A5F8ACB}.Release|Win32.ActiveCfg = Release|Win32
		{DAA4ECBD-1107-454B-930A-DECA9A5F8ACB}.Release|Win32.Build.0 = Release|Win32
	EndGlobalSection
	GlobalSection(SolutionProperties) = preSolution
		HideSolutionNode = FALSE
	EndGlobalSection
EndGlobal
