
Microsoft Visual Studio Solution File, Format Version 12.00
# Visual Studio 2013
VisualStudioVersion = 12.0.21005.1
MinimumVisualStudioVersion = 10.0.40219.1
Project("{8BC9CEB8-8B4A-11D0-8D11-00A0C91BC942}") = "test-2023-8-29", "test-2023-8-29\test-2023-8-29.vcxproj", "{81874C12-57F8-4E46-8023-4F2F0C998C61}"
EndProject
Global
	GlobalSection(SolutionConfigurationPlatforms) = preSolution
		Debug|Win32 = Debug|Win32
		Release|Win32 = Release|Win32
	EndGlobalSection
	GlobalSection(ProjectConfigurationPlatforms) = postSolution
		{81874C12-57F8-4E46-8023-4F2F0C998C61}.Debug|Win32.ActiveCfg = Debug|Win32
		{81874C12-57F8-4E46-8023-4F2F0C998C61}.Debug|Win32.Build.0 = Debug|Win32
		{81874C12-57F8-4E46-8023-4F2F0C998C61}.Release|Win32.ActiveCfg = Release|Win32
		{81874C12-57F8-4E46-8023-4F2F0C998C61}.Release|Win32.Build.0 = Release|Win32
	EndGlobalSection
	GlobalSection(SolutionProperties) = preSolution
		HideSolutionNode = FALSE
	EndGlobalSection
EndGlobal
