
Microsoft Visual Studio Solution File, Format Version 12.00
# Visual Studio 2013
VisualStudioVersion = 12.0.21005.1
MinimumVisualStudioVersion = 10.0.40219.1
Project("{8BC9CEB8-8B4A-11D0-8D11-00A0C91BC942}") = "test-2023-9-17(5)", "test-2023-9-17(5)\test-2023-9-17(5).vcxproj", "{EE0D353C-9EE7-4BEB-9086-3F2F0ED4EF79}"
EndProject
Global
	GlobalSection(SolutionConfigurationPlatforms) = preSolution
		Debug|Win32 = Debug|Win32
		Release|Win32 = Release|Win32
	EndGlobalSection
	GlobalSection(ProjectConfigurationPlatforms) = postSolution
		{EE0D353C-9EE7-4BEB-9086-3F2F0ED4EF79}.Debug|Win32.ActiveCfg = Debug|Win32
		{EE0D353C-9EE7-4BEB-9086-3F2F0ED4EF79}.Debug|Win32.Build.0 = Debug|Win32
		{EE0D353C-9EE7-4BEB-9086-3F2F0ED4EF79}.Release|Win32.ActiveCfg = Release|Win32
		{EE0D353C-9EE7-4BEB-9086-3F2F0ED4EF79}.Release|Win32.Build.0 = Release|Win32
	EndGlobalSection
	GlobalSection(SolutionProperties) = preSolution
		HideSolutionNode = FALSE
	EndGlobalSection
EndGlobal
